
Microsoft Visual Studio Solution File, Format Version 12.00
# Visual Studio Version 17
VisualStudioVersion = 17.10.35122.118
MinimumVisualStudioVersion = 10.0.40219.1
Project("{9A19103F-16F7-4668-BE54-9A1E7A4F7556}") = "Core.Persistence", "Core.Persistence\Core.Persistence.csproj", "{17BCF939-3F54-438E-B2D2-54B1D03F193D}"
EndProject
Project("{9A19103F-16F7-4668-BE54-9A1E7A4F7556}") = "Core.Application", "Core.Application\Core.Application.csproj", "{37505BEA-4AD3-4A36-B840-A16A9100FC3D}"
EndProject
Project("{FAE04EC0-301F-11D3-BF4B-00C04F79EFBC}") = "Core.CrossCuttingConcerns", "Core.CrossCuttingConcerns\Core.CrossCuttingConcerns.csproj", "{FBCC8BA7-8BF4-4843-A779-7FE95B2ADE05}"
EndProject
Global
	GlobalSection(SolutionConfigurationPlatforms) = preSolution
		Debug|Any CPU = Debug|Any CPU
		Release|Any CPU = Release|Any CPU
	EndGlobalSection
	GlobalSection(ProjectConfigurationPlatforms) = postSolution
		{17BCF939-3F54-438E-B2D2-54B1D03F193D}.Debug|Any CPU.ActiveCfg = Debug|Any CPU
		{17BCF939-3F54-438E-B2D2-54B1D03F193D}.Debug|Any CPU.Build.0 = Debug|Any CPU
		{17BCF939-3F54-438E-B2D2-54B1D03F193D}.Release|Any CPU.ActiveCfg = Release|Any CPU
		{17BCF939-3F54-438E-B2D2-54B1D03F193D}.Release|Any CPU.Build.0 = Release|Any CPU
		{37505BEA-4AD3-4A36-B840-A16A9100FC3D}.Debug|Any CPU.ActiveCfg = Debug|Any CPU
		{37505BEA-4AD3-4A36-B840-A16A9100FC3D}.Debug|Any CPU.Build.0 = Debug|Any CPU
		{37505BEA-4AD3-4A36-B840-A16A9100FC3D}.Release|Any CPU.ActiveCfg = Release|Any CPU
		{37505BEA-4AD3-4A36-B840-A16A9100FC3D}.Release|Any CPU.Build.0 = Release|Any CPU
		{FBCC8BA7-8BF4-4843-A779-7FE95B2ADE05}.Debug|Any CPU.ActiveCfg = Debug|Any CPU
		{FBCC8BA7-8BF4-4843-A779-7FE95B2ADE05}.Debug|Any CPU.Build.0 = Debug|Any CPU
		{FBCC8BA7-8BF4-4843-A779-7FE95B2ADE05}.Release|Any CPU.ActiveCfg = Release|Any CPU
		{FBCC8BA7-8BF4-4843-A779-7FE95B2ADE05}.Release|Any CPU.Build.0 = Release|Any CPU
	EndGlobalSection
	GlobalSection(SolutionProperties) = preSolution
		HideSolutionNode = FALSE
	EndGlobalSection
	GlobalSection(ExtensibilityGlobals) = postSolution
		SolutionGuid = {0F916748-0077-4F52-A807-5ED72248101C}
	EndGlobalSection
EndGlobal
